<?xml version="1.0" encoding="utf-8"?>
<Project ToolsVersion="4.0" xmlns="http://schemas.microsoft.com/developer/msbuild/2003">
  <ItemGroup>
    <Filter Include="Archivos de origen">
      <UniqueIdentifier>{4FC737F1-C7A5-4376-A066-2A32D752A2FF}</UniqueIdentifier>
      <Extensions>cpp;c;cc;cxx;c++;cppm;ixx;def;odl;idl;hpj;bat;asm;asmx</Extensions>
    </Filter>
    <Filter Include="Archivos de encabezado">
      <UniqueIdentifier>{93995380-89BD-4b04-88EB-625FBE52EBFB}</UniqueIdentifier>
      <Extensions>h;hh;hpp;hxx;h++;hm;inl;inc;ipp;xsd</Extensions>
    </Filter>
    <Filter Include="Archivos de recursos">
      <UniqueIdentifier>{67DA6AB6-F800-4c08-8B7A-83BB121AAD01}</UniqueIdentifier>
      <Extensions>rc;ico;cur;bmp;dlg;rc2;rct;bin;rgs;gif;jpg;jpeg;jpe;resx;tiff;tif;png;wav;mfcribbon-ms</Extensions>
    </Filter>
  </ItemGroup>
  <ItemGroup>
    <ClCompile Include="Menu_principal.cpp">
      <Filter>Archivos de origen</Filter>
    </ClCompile>
    <ClCompile Include="LoginForm.cpp">
      <Filter>Archivos de origen</Filter>
    </ClCompile>
    <ClCompile Include="SurvivalForm.cpp">
      <Filter>Archivos de origen</Filter>
    </ClCompile>
    <ClCompile Include="campaign.cpp">
      <Filter>Archivos de origen</Filter>
    </ClCompile>
    <ClCompile Include="ArrowRender.cpp">
      <Filter>Archivos de origen</Filter>
    </ClCompile>
    <ClCompile Include="SurvivalRender.cpp">
      <Filter>Archivos de origen</Filter>
    </ClCompile>
    <ClCompile Include="UnitRender.cpp">
      <Filter>Archivos de origen</Filter>
    </ClCompile>
    <ClCompile Include="Skins.cpp">
      <Filter>Archivos de origen</Filter>
    </ClCompile>
    <ClCompile Include="Background.cpp">
      <Filter>Archivos de origen</Filter>
    </ClCompile>
    <ClCompile Include="Scoreboard.cpp">
      <Filter>Archivos de origen</Filter>
    </ClCompile>
    <ClCompile Include="Credits.cpp">
      <Filter>Archivos de origen</Filter>
    </ClCompile>
    <ClCompile Include="Settings.cpp">
      <Filter>Archivos de origen</Filter>
    </ClCompile>
    <ClCompile Include="RegisterForm.cpp">
      <Filter>Archivos de origen</Filter>
    </ClCompile>
    <ClCompile Include="PhysicalElement.cpp">
      <Filter>Archivos de origen</Filter>
    </ClCompile>
    <ClCompile Include="CastleRender.cpp">
      <Filter>Archivos de origen</Filter>
    </ClCompile>
    <ClCompile Include="ProfileForm.cpp">
      <Filter>Archivos de origen</Filter>
    </ClCompile>
    <ClCompile Include="ControlElements.cpp">
      <Filter>Archivos de origen</Filter>
    </ClCompile>
    <ClCompile Include="Watch.cpp">
      <Filter>Archivos de origen</Filter>
    </ClCompile>
    <ClCompile Include="AvatarForm.cpp">
      <Filter>Archivos de origen</Filter>
    </ClCompile>
    <ClCompile Include="Button.cpp">
      <Filter>Archivos de origen</Filter>
    </ClCompile>
    <ClCompile Include="UserLifeBar.cpp">
      <Filter>Archivos de origen</Filter>
    </ClCompile>
    <ClCompile Include="HealthBar.cpp">
      <Filter>Archivos de origen</Filter>
    </ClCompile>
    <ClCompile Include="Container.cpp">
      <Filter>Archivos de origen</Filter>
    </ClCompile>
    <ClCompile Include="Console.cpp">
      <Filter>Archivos de origen</Filter>
    </ClCompile>
  </ItemGroup>
  <ItemGroup>
    <ClInclude Include="Menu_principal.h">
      <Filter>Archivos de encabezado</Filter>
    </ClInclude>
    <ClInclude Include="LoginForm.h">
      <Filter>Archivos de encabezado</Filter>
    </ClInclude>
    <ClInclude Include="SurvivalForm.h">
      <Filter>Archivos de encabezado</Filter>
    </ClInclude>
    <ClInclude Include="campaign.h">
      <Filter>Archivos de encabezado</Filter>
    </ClInclude>
    <ClInclude Include="ArrowRender.h">
      <Filter>Archivos de encabezado</Filter>
    </ClInclude>
    <ClInclude Include="SurvivalRender.h">
      <Filter>Archivos de encabezado</Filter>
    </ClInclude>
    <ClInclude Include="UnitRender.h">
      <Filter>Archivos de encabezado</Filter>
    </ClInclude>
    <ClInclude Include="Skins.h">
      <Filter>Archivos de encabezado</Filter>
    </ClInclude>
    <ClInclude Include="Background.h">
      <Filter>Archivos de encabezado</Filter>
    </ClInclude>
    <ClInclude Include="Scoreboard.h">
      <Filter>Archivos de encabezado</Filter>
    </ClInclude>
    <ClInclude Include="Credits.h">
      <Filter>Archivos de encabezado</Filter>
    </ClInclude>
    <ClInclude Include="Settings.h">
      <Filter>Archivos de encabezado</Filter>
    </ClInclude>
    <ClInclude Include="RegisterForm.h">
      <Filter>Archivos de encabezado</Filter>
    </ClInclude>
    <ClInclude Include="PhysicalElement.h">
      <Filter>Archivos de encabezado</Filter>
    </ClInclude>
    <ClInclude Include="CastleRender.h">
      <Filter>Archivos de encabezado</Filter>
    </ClInclude>
    <ClInclude Include="ProfileForm.h">
      <Filter>Archivos de encabezado</Filter>
    </ClInclude>
    <ClInclude Include="ControlElements.h">
      <Filter>Archivos de encabezado</Filter>
    </ClInclude>
    <ClInclude Include="Watch.h">
      <Filter>Archivos de encabezado</Filter>
    </ClInclude>
    <ClInclude Include="AvatarForm.h">
      <Filter>Archivos de encabezado</Filter>
    </ClInclude>
    <ClInclude Include="Button.h">
      <Filter>Archivos de encabezado</Filter>
    </ClInclude>
    <ClInclude Include="UserLifeBar.h">
      <Filter>Archivos de encabezado</Filter>
    </ClInclude>
    <ClInclude Include="HealthBar.h">
      <Filter>Archivos de encabezado</Filter>
    </ClInclude>
    <ClInclude Include="resource.h">
      <Filter>Archivos de encabezado</Filter>
    </ClInclude>
    <ClInclude Include="Container.h">
      <Filter>Archivos de encabezado</Filter>
    </ClInclude>
    <ClInclude Include="Console.h">
      <Filter>Archivos de encabezado</Filter>
    </ClInclude>
  </ItemGroup>
  <ItemGroup>
    <Image Include="Assets\ResourcesForm\rank\coronel.png">
      <Filter>Archivos de recursos</Filter>
    </Image>
    <Image Include="Assets\ResourcesForm\rank\general.png">
      <Filter>Archivos de recursos</Filter>
    </Image>
    <Image Include="Assets\ResourcesForm\rank\mariscal.png">
      <Filter>Archivos de recursos</Filter>
    </Image>
    <Image Include="Assets\ResourcesForm\rank\capitán.png">
      <Filter>Archivos de recursos</Filter>
    </Image>
    <Image Include="Assets\ResourcesForm\Avatar\avatar1.png">
      <Filter>Archivos de recursos</Filter>
    </Image>
    <Image Include="Assets\ResourcesForm\Avatar\avatar2.png">
      <Filter>Archivos de recursos</Filter>
    </Image>
    <Image Include="Assets\ResourcesForm\Avatar\avatar3.png">
      <Filter>Archivos de recursos</Filter>
    </Image>
    <Image Include="Assets\ResourcesForm\Avatar\avatar4.png">
      <Filter>Archivos de recursos</Filter>
    </Image>
    <Image Include="Assets\ResourcesForm\Avatar\avatar5.png">
      <Filter>Archivos de recursos</Filter>
    </Image>
    <Image Include="Assets\ResourcesForm\Avatar\avatar6.png">
      <Filter>Archivos de recursos</Filter>
    </Image>
    <Image Include="Assets\ResourcesForm\Avatar\avatar7.png">
      <Filter>Archivos de recursos</Filter>
    </Image>
    <Image Include="Assets\ResourcesForm\Avatar\avatar8.png">
      <Filter>Archivos de recursos</Filter>
    </Image>
    <Image Include="Assets\ResourcesForm\Avatar\avatar9.png">
      <Filter>Archivos de recursos</Filter>
    </Image>
    <Image Include="Assets\ResourcesForm\Avatar\avatar10.png">
      <Filter>Archivos de recursos</Filter>
    </Image>
    <Image Include="Assets\ResourcesForm\Avatar\avatar11.png">
      <Filter>Archivos de recursos</Filter>
    </Image>
    <Image Include="Assets\ResourcesForm\Avatar\avatar12.png">
      <Filter>Archivos de recursos</Filter>
    </Image>
    <Image Include="Assets\ResourcesForm\Avatar\avatar13.png">
      <Filter>Archivos de recursos</Filter>
    </Image>
    <Image Include="Assets\ResourcesForm\Avatar\avatar14.png">
      <Filter>Archivos de recursos</Filter>
    </Image>
    <Image Include="Assets\ResourcesForm\Avatar\avatar15.png">
      <Filter>Archivos de recursos</Filter>
    </Image>
    <Image Include="Assets\ResourcesForm\Avatar\avatar16.png">
      <Filter>Archivos de recursos</Filter>
    </Image>
    <Image Include="Assets\ResourcesForm\Avatar\avatar17.png">
      <Filter>Archivos de recursos</Filter>
    </Image>
    <Image Include="Assets\ResourcesForm\Avatar\avatar18.png">
      <Filter>Archivos de recursos</Filter>
    </Image>
    <Image Include="Assets\ResourcesForm\Avatar\avatar19.png">
      <Filter>Archivos de recursos</Filter>
    </Image>
    <Image Include="Assets\ResourcesForm\Avatar\avatar20.png">
      <Filter>Archivos de recursos</Filter>
    </Image>
    <Image Include="avatar11.png">
      <Filter>Archivos de recursos</Filter>
    </Image>
    <Image Include="avatar12.png">
      <Filter>Archivos de recursos</Filter>
    </Image>
    <Image Include="avatar101.png">
      <Filter>Archivos de recursos</Filter>
    </Image>
    <Image Include="avatar111.png">
      <Filter>Archivos de recursos</Filter>
    </Image>
    <Image Include="avatar121.png">
      <Filter>Archivos de recursos</Filter>
    </Image>
    <Image Include="avatar131.png">
      <Filter>Archivos de recursos</Filter>
    </Image>
    <Image Include="avatar141.png">
      <Filter>Archivos de recursos</Filter>
    </Image>
    <Image Include="icon1.ico">
      <Filter>Archivos de recursos</Filter>
    </Image>
    <Image Include="Assets\ResourcesForm\tower.ico">
      <Filter>Archivos de recursos</Filter>
    </Image>
  </ItemGroup>
  <ItemGroup>
    <ResourceCompile Include="FBA_View.rc">
      <Filter>Archivos de recursos</Filter>
    </ResourceCompile>
  </ItemGroup>
</Project>